{
  "name": "ui-router",
  "version": "1.0.0",
  "lockfileVersion": 1,
  "requires": true,
  "dependencies": {
    "@uirouter/angularjs": {
      "version": "1.0.23",
      "resolved": "https://registry.npmjs.org/@uirouter/angularjs/-/angularjs-1.0.23.tgz",
      "integrity": "sha512-r4hLSw7R3mwXGC5Sq7yxNlBK1sSzQUm/1MzigwwYRHoMO5uKcBPUhxFYx5U7kufP2Xl1165KeZvRsLCh0/Z1ng==",
      "requires": {
        "@uirouter/core": "6.0.1"
      }
    },
    "@uirouter/core": {
      "version": "6.0.1",
      "resolved": "https://registry.npmjs.org/@uirouter/core/-/core-6.0.1.tgz",
      "integrity": "sha512-mHCutiHtDDRKYmrJ92XPKDoSb2bgqaDyUpHdF4hUE+riwgkCvGdBjL8u+VDTcV3slBAk6B0LBIOIajjWkkObbQ=="
    },
    "angular": {
      "version": "1.7.9",
      "resolved": "https://registry.npmjs.org/angular/-/angular-1.7.9.tgz",
      "integrity": "sha512-5se7ZpcOtu0MBFlzGv5dsM1quQDoDeUTwZrWjGtTNA7O88cD8TEk5IEKCTDa3uECV9XnvKREVUr7du1ACiWGFQ=="
    },
    "angular-animate": {
      "version": "1.6.8",
      "resolved": "https://registry.npmjs.org/angular-animate/-/angular-animate-1.6.8.tgz",
      "integrity": "sha512-zKaq9vtJ+QPV6q159mJkb6uKa3SiTe0PXj+W9WO3cDhLly8LuQHYRteAAD3/SqlS7GMq2SFlJvs7VQduPJpUQw=="
    },
    "angular-data-table": {
      "version": "0.7.1",
      "resolved": "https://registry.npmjs.org/angular-data-table/-/angular-data-table-0.7.1.tgz",
      "integrity": "sha512-+gMhMP+SYlISgzGWmIrcy3Nx8ZVnkVdjssNC7tAZS9dyrkzPb4SD5coSckrwvn4gVA3ygYF5z+SG55WstzXhVw=="
    },
    "angular-datatable": {
      "version": "2.2.1",
      "resolved": "https://registry.npmjs.org/angular-datatable/-/angular-datatable-2.2.1.tgz",
      "integrity": "sha1-wX/Bp20xIdseB/wSO/O0W/3a8VA="
    },
    "angular-datatables": {
      "version": "0.6.2",
      "resolved": "https://registry.npmjs.org/angular-datatables/-/angular-datatables-0.6.2.tgz",
      "integrity": "sha1-wBiAr7eeWydoLg7RKx3BovmA9N4=",
      "requires": {
        "angular": "1.6.8",
        "datatables.net": "1.10.16",
        "datatables.net-dt": "1.10.16",
        "jquery": "3.2.1"
      },
      "dependencies": {
        "angular": {
          "version": "1.6.8",
          "resolved": "https://registry.npmjs.org/angular/-/angular-1.6.8.tgz",
          "integrity": "sha512-9WErZIOw1Cu1V5Yxdvxz/6YpND8ntdP71fdPpufPFJvZodZXqCjQBYrHqEoMZreO5i84O3D/Jw/vepoFt68Azw=="
        }
      }
    },
    "angular-resource": {
      "version": "1.6.8",
      "resolved": "https://registry.npmjs.org/angular-resource/-/angular-resource-1.6.8.tgz",
      "integrity": "sha512-Vx97FiunDEWlrKFwaSH3O8/S7krWarWme1Tj88a58EJSD2RSGgHPvbD4YXvzZHk9yqitUr/t1f+6UzYLge5o/g=="
    },
    "angular-ui-router": {
      "version": "0.4.3",
      "resolved": "https://registry.npmjs.org/angular-ui-router/-/angular-ui-router-0.4.3.tgz",
      "integrity": "sha512-EGBG7G7ArFVkJPM+ZIgPKuMYuT16UQrr3zj3BEiXHKwxss867bGt3u7QD9g4BxR+K2qQOSWok6JGvgTWXAko3A==",
      "requires": {
        "angular": "^1.0.8"
      }
    },
    "bootstrap": {
      "version": "4.0.0-beta.3",
      "resolved": "https://registry.npmjs.org/bootstrap/-/bootstrap-4.0.0-beta.3.tgz",
      "integrity": "sha512-/Qe1Q2d1muLEZRX2iCteMQHZBBAm6ZIjJ9FcBYK/xLr05+HvDtBOVBN+Cz7mCNZuy0zr+y5artZHM05W7mIz6g=="
    },
    "datatables.net": {
      "version": "1.10.16",
      "resolved": "https://registry.npmjs.org/datatables.net/-/datatables.net-1.10.16.tgz",
      "integrity": "sha1-SwUtEIKCQmG2ju2dInQbcR09JGk=",
      "requires": {
        "jquery": "3.2.1"
      }
    },
    "datatables.net-dt": {
      "version": "1.10.16",
      "resolved": "https://registry.npmjs.org/datatables.net-dt/-/datatables.net-dt-1.10.16.tgz",
      "integrity": "sha1-Z1ijCPueX5Yp+2VBzDAeSOyexVU=",
      "requires": {
        "datatables.net": "1.10.16",
        "jquery": "3.2.1"
      }
    },
    "font-awesome": {
      "version": "4.7.0",
      "resolved": "https://registry.npmjs.org/font-awesome/-/font-awesome-4.7.0.tgz",
      "integrity": "sha1-j6jPBBGhoxr9B7BtKQK7n8gVoTM="
    },
    "jquery": {
      "version": "3.2.1",
      "resolved": "https://registry.npmjs.org/jquery/-/jquery-3.2.1.tgz",
      "integrity": "sha1-XE2d5lKvbNCncBVKYxu6ErAVx4c="
    },
    "metismenu": {
      "version": "2.7.2",
      "resolved": "https://registry.npmjs.org/metismenu/-/metismenu-2.7.2.tgz",
      "integrity": "sha512-r36yxQJazMlDbmIQseVuVNUUKTC4vHHqTT4btocvMP8YRDP/kaJfT02L6Q4RMVfn17w8aRVDr44H7fC5uhNzTA=="
    }
  }
}
